// !$*UTF8*$!
{
	archiveVersion = 1;
	classes = {
	};
	objectVersion = 46;
	objects = {

/* Begin PBXBuildFile section */
		8C9941A419376DC500D922A0 /* Foundation.framework in Frameworks */ = {isa = PBXBuildFile; fileRef = 8C9941A319376DC500D922A0 /* Foundation.framework */; };
		8C9941A619376DC500D922A0 /* CoreGraphics.framework in Frameworks */ = {isa = PBXBuildFile; fileRef = 8C9941A519376DC500D922A0 /* CoreGraphics.framework */; };
		8C9941A819376DC500D922A0 /* UIKit.framework in Frameworks */ = {isa = PBXBuildFile; fileRef = 8C9941A719376DC500D922A0 /* UIKit.framework */; };
		8C9941AE19376DC500D922A0 /* InfoPlist.strings in Resources */ = {isa = PBXBuildFile; fileRef = 8C9941AC19376DC500D922A0 /* InfoPlist.strings */; };
		8C9941B019376DC500D922A0 /* main.m in Sources */ = {isa = PBXBuildFile; fileRef = 8C9941AF19376DC500D922A0 /* main.m */; };
		8C9941B419376DC500D922A0 /* DropitAppDelegate.m in Sources */ = {isa = PBXBuildFile; fileRef = 8C9941B319376DC500D922A0 /* DropitAppDelegate.m */; };
		8C9941B719376DC500D922A0 /* Main.storyboard in Resources */ = {isa = PBXBuildFile; fileRef = 8C9941B519376DC500D922A0 /* Main.storyboard */; };
		8C9941BA19376DC500D922A0 /* DropitViewController.m in Sources */ = {isa = PBXBuildFile; fileRef = 8C9941B919376DC500D922A0 /* DropitViewController.m */; };
		8C9941BC19376DC500D922A0 /* Images.xcassets in Resources */ = {isa = PBXBuildFile; fileRef = 8C9941BB19376DC500D922A0 /* Images.xcassets */; };
		8C9941C319376DC500D922A0 /* XCTest.framework in Frameworks */ = {isa = PBXBuildFile; fileRef = 8C9941C219376DC500D922A0 /* XCTest.framework */; };
		8C9941C419376DC500D922A0 /* Foundation.framework in Frameworks */ = {isa = PBXBuildFile; fileRef = 8C9941A319376DC500D922A0 /* Foundation.framework */; };
		8C9941C519376DC500D922A0 /* UIKit.framework in Frameworks */ = {isa = PBXBuildFile; fileRef = 8C9941A719376DC500D922A0 /* UIKit.framework */; };
		8C9941CD19376DC500D922A0 /* InfoPlist.strings in Resources */ = {isa = PBXBuildFile; fileRef = 8C9941CB19376DC500D922A0 /* InfoPlist.strings */; };
		8C9941CF19376DC500D922A0 /* DropitTests.m in Sources */ = {isa = PBXBuildFile; fileRef = 8C9941CE19376DC500D922A0 /* DropitTests.m */; };
/* End PBXBuildFile section */

/* Begin PBXContainerItemProxy section */
		8C9941C619376DC500D922A0 /* PBXContainerItemProxy */ = {
			isa = PBXContainerItemProxy;
			containerPortal = 8C99419819376DC500D922A0 /* Project object */;
			proxyType = 1;
			remoteGlobalIDString = 8C99419F19376DC500D922A0;
			remoteInfo = Dropit;
		};
/* End PBXContainerItemProxy section */

/* Begin PBXFileReference section */
		8C9941A019376DC500D922A0 /* Dropit.app */ = {isa = PBXFileReference; explicitFileType = wrapper.application; includeInIndex = 0; path = Dropit.app; sourceTree = BUILT_PRODUCTS_DIR; };
		8C9941A319376DC500D922A0 /* Foundation.framework */ = {isa = PBXFileReference; lastKnownFileType = wrapper.framework; name = Foundation.framework; path = System/Library/Frameworks/Foundation.framework; sourceTree = SDKROOT; };
		8C9941A519376DC500D922A0 /* CoreGraphics.framework */ = {isa = PBXFileReference; lastKnownFileType = wrapper.framework; name = CoreGraphics.framework; path = System/Library/Frameworks/CoreGraphics.framework; sourceTree = SDKROOT; };
		8C9941A719376DC500D922A0 /* UIKit.framework */ = {isa = PBXFileReference; lastKnownFileType = wrapper.framework; name = UIKit.framework; path = System/Library/Frameworks/UIKit.framework; sourceTree = SDKROOT; };
		8C9941AB19376DC500D922A0 /* Dropit-Info.plist */ = {isa = PBXFileReference; lastKnownFileType = text.plist.xml; path = "Dropit-Info.plist"; sourceTree = "<group>"; };
		8C9941AD19376DC500D922A0 /* en */ = {isa = PBXFileReference; lastKnownFileType = text.plist.strings; name = en; path = en.lproj/InfoPlist.strings; sourceTree = "<group>"; };
		8C9941AF19376DC500D922A0 /* main.m */ = {isa = PBXFileReference; lastKnownFileType = sourcecode.c.objc; path = main.m; sourceTree = "<group>"; };
		8C9941B119376DC500D922A0 /* Dropit-Prefix.pch */ = {isa = PBXFileReference; lastKnownFileType = sourcecode.c.h; path = "Dropit-Prefix.pch"; sourceTree = "<group>"; };
		8C9941B219376DC500D922A0 /* DropitAppDelegate.h */ = {isa = PBXFileReference; lastKnownFileType = sourcecode.c.h; path = DropitAppDelegate.h; sourceTree = "<group>"; };
		8C9941B319376DC500D922A0 /* DropitAppDelegate.m */ = {isa = PBXFileReference; lastKnownFileType = sourcecode.c.objc; path = DropitAppDelegate.m; sourceTree = "<group>"; };
		8C9941B619376DC500D922A0 /* Base */ = {isa = PBXFileReference; lastKnownFileType = file.storyboard; name = Base; path = Base.lproj/Main.storyboard; sourceTree = "<group>"; };
		8C9941B819376DC500D922A0 /* DropitViewController.h */ = {isa = PBXFileReference; lastKnownFileType = sourcecode.c.h; path = DropitViewController.h; sourceTree = "<group>"; };
		8C9941B919376DC500D922A0 /* DropitViewController.m */ = {isa = PBXFileReference; lastKnownFileType = sourcecode.c.objc; path = DropitViewController.m; sourceTree = "<group>"; };
		8C9941BB19376DC500D922A0 /* Images.xcassets */ = {isa = PBXFileReference; lastKnownFileType = folder.assetcatalog; path = Images.xcassets; sourceTree = "<group>"; };
		8C9941C119376DC500D922A0 /* DropitTests.xctest */ = {isa = PBXFileReference; explicitFileType = wrapper.cfbundle; includeInIndex = 0; path = DropitTests.xctest; sourceTree = BUILT_PRODUCTS_DIR; };
		8C9941C219376DC500D922A0 /* XCTest.framework */ = {isa = PBXFileReference; lastKnownFileType = wrapper.framework; name = XCTest.framework; path = Library/Frameworks/XCTest.framework; sourceTree = DEVELOPER_DIR; };
		8C9941CA19376DC500D922A0 /* DropitTests-Info.plist */ = {isa = PBXFileReference; lastKnownFileType = text.plist.xml; path = "DropitTests-Info.plist"; sourceTree = "<group>"; };
		8C9941CC19376DC500D922A0 /* en */ = {isa = PBXFileReference; lastKnownFileType = text.plist.strings; name = en; path = en.lproj/InfoPlist.strings; sourceTree = "<group>"; };
		8C9941CE19376DC500D922A0 /* DropitTests.m */ = {isa = PBXFileReference; lastKnownFileType = sourcecode.c.objc; path = DropitTests.m; sourceTree = "<group>"; };
/* End PBXFileReference section */

/* Begin PBXFrameworksBuildPhase section */
		8C99419D19376DC500D922A0 /* Frameworks */ = {
			isa = PBXFrameworksBuildPhase;
			buildActionMask = 2147483647;
			files = (
				8C9941A619376DC500D922A0 /* CoreGraphics.framework in Frameworks */,
				8C9941A819376DC500D922A0 /* UIKit.framework in Frameworks */,
				8C9941A419376DC500D922A0 /* Foundation.framework in Frameworks */,
			);
			runOnlyForDeploymentPostprocessing = 0;
		};
		8C9941BE19376DC500D922A0 /* Frameworks */ = {
			isa = PBXFrameworksBuildPhase;
			buildActionMask = 2147483647;
			files = (
				8C9941C319376DC500D922A0 /* XCTest.framework in Frameworks */,
				8C9941C519376DC500D922A0 /* UIKit.framework in Frameworks */,
				8C9941C419376DC500D922A0 /* Foundation.framework in Frameworks */,
			);
			runOnlyForDeploymentPostprocessing = 0;
		};
/* End PBXFrameworksBuildPhase section */

/* Begin PBXGroup section */
		8C99419719376DC500D922A0 = {
			isa = PBXGroup;
			children = (
				8C9941A919376DC500D922A0 /* Dropit */,
				8C9941C819376DC500D922A0 /* DropitTests */,
				8C9941A219376DC500D922A0 /* Frameworks */,
				8C9941A119376DC500D922A0 /* Products */,
			);
			sourceTree = "<group>";
		};
		8C9941A119376DC500D922A0 /* Products */ = {
			isa = PBXGroup;
			children = (
				8C9941A019376DC500D922A0 /* Dropit.app */,
				8C9941C119376DC500D922A0 /* DropitTests.xctest */,
			);
			name = Products;
			sourceTree = "<group>";
		};
		8C9941A219376DC500D922A0 /* Frameworks */ = {
			isa = PBXGroup;
			children = (
				8C9941A319376DC500D922A0 /* Foundation.framework */,
				8C9941A519376DC500D922A0 /* CoreGraphics.framework */,
				8C9941A719376DC500D922A0 /* UIKit.framework */,
				8C9941C219376DC500D922A0 /* XCTest.framework */,
			);
			name = Frameworks;
			sourceTree = "<group>";
		};
		8C9941A919376DC500D922A0 /* Dropit */ = {
			isa = PBXGroup;
			children = (
				8C9941B219376DC500D922A0 /* DropitAppDelegate.h */,
				8C9941B319376DC500D922A0 /* DropitAppDelegate.m */,
				8C9941B519376DC500D922A0 /* Main.storyboard */,
				8C9941B819376DC500D922A0 /* DropitViewController.h */,
				8C9941B919376DC500D922A0 /* DropitViewController.m */,
				8C9941BB19376DC500D922A0 /* Images.xcassets */,
				8C9941AA19376DC500D922A0 /* Supporting Files */,
			);
			path = Dropit;
			sourceTree = "<group>";
		};
		8C9941AA19376DC500D922A0 /* Supporting Files */ = {
			isa = PBXGroup;
			children = (
				8C9941AB19376DC500D922A0 /* Dropit-Info.plist */,
				8C9941AC19376DC500D922A0 /* InfoPlist.strings */,
				8C9941AF19376DC500D922A0 /* main.m */,
				8C9941B119376DC500D922A0 /* Dropit-Prefix.pch */,
			);
			name = "Supporting Files";
			sourceTree = "<group>";
		};
		8C9941C819376DC500D922A0 /* DropitTests */ = {
			isa = PBXGroup;
			children = (
				8C9941CE19376DC500D922A0 /* DropitTests.m */,
				8C9941C919376DC500D922A0 /* Supporting Files */,
			);
			path = DropitTests;
			sourceTree = "<group>";
		};
		8C9941C919376DC500D922A0 /* Supporting Files */ = {
			isa = PBXGroup;
			children = (
				8C9941CA19376DC500D922A0 /* DropitTests-Info.plist */,
				8C9941CB19376DC500D922A0 /* InfoPlist.strings */,
			);
			name = "Supporting Files";
			sourceTree = "<group>";
		};
/* End PBXGroup section */

/* Begin PBXNativeTarget section */
		8C99419F19376DC500D922A0 /* Dropit */ = {
			isa = PBXNativeTarget;
			buildConfigurationList = 8C9941D219376DC500D922A0 /* Build configuration list for PBXNativeTarget "Dropit" */;
			buildPhases = (
				8C99419C19376DC500D922A0 /* Sources */,
				8C99419D19376DC500D922A0 /* Frameworks */,
				8C99419E19376DC500D922A0 /* Resources */,
			);
			buildRules = (
			);
			dependencies = (
			);
			name = Dropit;
			productName = Dropit;
			productReference = 8C9941A019376DC500D922A0 /* Dropit.app */;
			productType = "com.apple.product-type.application";
		};
		8C9941C019376DC500D922A0 /* DropitTests */ = {
			isa = PBXNativeTarget;
			buildConfigurationList = 8C9941D519376DC500D922A0 /* Build configuration list for PBXNativeTarget "DropitTests" */;
			buildPhases = (
				8C9941BD19376DC500D922A0 /* Sources */,
				8C9941BE19376DC500D922A0 /* Frameworks */,
				8C9941BF19376DC500D922A0 /* Resources */,
			);
			buildRules = (
			);
			dependencies = (
				8C9941C719376DC500D922A0 /* PBXTargetDependency */,
			);
			name = DropitTests;
			productName = DropitTests;
			productReference = 8C9941C119376DC500D922A0 /* DropitTests.xctest */;
			productType = "com.apple.product-type.bundle.unit-test";
		};
/* End PBXNativeTarget section */

/* Begin PBXProject section */
		8C99419819376DC500D922A0 /* Project object */ = {
			isa = PBXProject;
			attributes = {
				CLASSPREFIX = Dropit;
				LastUpgradeCheck = 0510;
				ORGANIZATIONNAME = "___FULLUSERNAME___";
				TargetAttributes = {
					8C9941C019376DC500D922A0 = {
						TestTargetID = 8C99419F19376DC500D922A0;
					};
				};
			};
			buildConfigurationList = 8C99419B19376DC500D922A0 /* Build configuration list for PBXProject "Dropit" */;
			compatibilityVersion = "Xcode 3.2";
			developmentRegion = English;
			hasScannedForEncodings = 0;
			knownRegions = (
				en,
				Base,
			);
			mainGroup = 8C99419719376DC500D922A0;
			productRefGroup = 8C9941A119376DC500D922A0 /* Products */;
			projectDirPath = "";
			projectRoot = "";
			targets = (
				8C99419F19376DC500D922A0 /* Dropit */,
				8C9941C019376DC500D922A0 /* DropitTests */,
			);
		};
/* End PBXProject section */

/* Begin PBXResourcesBuildPhase section */
		8C99419E19376DC500D922A0 /* Resources */ = {
			isa = PBXResourcesBuildPhase;
			buildActionMask = 2147483647;
			files = (
				8C9941BC19376DC500D922A0 /* Images.xcassets in Resources */,
				8C9941AE19376DC500D922A0 /* InfoPlist.strings in Resources */,
				8C9941B719376DC500D922A0 /* Main.storyboard in Resources */,
			);
			runOnlyForDeploymentPostprocessing = 0;
		};
		8C9941BF19376DC500D922A0 /* Resources */ = {
			isa = PBXResourcesBuildPhase;
			buildActionMask = 2147483647;
			files = (
				8C9941CD19376DC500D922A0 /* InfoPlist.strings in Resources */,
			);
			runOnlyForDeploymentPostprocessing = 0;
		};
/* End PBXResourcesBuildPhase section */

/* Begin PBXSourcesBuildPhase section */
		8C99419C19376DC500D922A0 /* Sources */ = {
			isa = PBXSourcesBuildPhase;
			buildActionMask = 2147483647;
			files = (
				8C9941BA19376DC500D922A0 /* DropitViewController.m in Sources */,
				8C9941B419376DC500D922A0 /* DropitAppDelegate.m in Sources */,
				8C9941B019376DC500D922A0 /* main.m in Sources */,
			);
			runOnlyForDeploymentPostprocessing = 0;
		};
		8C9941BD19376DC500D922A0 /* Sources */ = {
			isa = PBXSourcesBuildPhase;
			buildActionMask = 2147483647;
			files = (
				8C9941CF19376DC500D922A0 /* DropitTests.m in Sources */,
			);
			runOnlyForDeploymentPostprocessing = 0;
		};
/* End PBXSourcesBuildPhase section */

/* Begin PBXTargetDependency section */
		8C9941C719376DC500D922A0 /* PBXTargetDependency */ = {
			isa = PBXTargetDependency;
			target = 8C99419F19376DC500D922A0 /* Dropit */;
			targetProxy = 8C9941C619376DC500D922A0 /* PBXContainerItemProxy */;
		};
/* End PBXTargetDependency section */

/* Begin PBXVariantGroup section */
		8C9941AC19376DC500D922A0 /* InfoPlist.strings */ = {
			isa = PBXVariantGroup;
			children = (
				8C9941AD19376DC500D922A0 /* en */,
			);
			name = InfoPlist.strings;
			sourceTree = "<group>";
		};
		8C9941B519376DC500D922A0 /* Main.storyboard */ = {
			isa = PBXVariantGroup;
			children = (
				8C9941B619376DC500D922A0 /* Base */,
			);
			name = Main.storyboard;
			sourceTree = "<group>";
		};
		8C9941CB19376DC500D922A0 /* InfoPlist.strings */ = {
			isa = PBXVariantGroup;
			children = (
				8C9941CC19376DC500D922A0 /* en */,
			);
			name = InfoPlist.strings;
			sourceTree = "<group>";
		};
/* End PBXVariantGroup section */

/* Begin XCBuildConfiguration section */
		8C9941D019376DC500D922A0 /* Debug */ = {
			isa = XCBuildConfiguration;
			buildSettings = {
				ALWAYS_SEARCH_USER_PATHS = NO;
				CLANG_CXX_LANGUAGE_STANDARD = "gnu++0x";
				CLANG_CXX_LIBRARY = "libc++";
				CLANG_ENABLE_MODULES = YES;
				CLANG_ENABLE_OBJC_ARC = YES;
				CLANG_WARN_BOOL_CONVERSION = YES;
				CLANG_WARN_CONSTANT_CONVERSION = YES;
				CLANG_WARN_DIRECT_OBJC_ISA_USAGE = YES_ERROR;
				CLANG_WARN_EMPTY_BODY = YES;
				CLANG_WARN_ENUM_CONVERSION = YES;
				CLANG_WARN_INT_CONVERSION = YES;
				CLANG_WARN_OBJC_ROOT_CLASS = YES_ERROR;
				CLANG_WARN__DUPLICATE_METHOD_MATCH = YES;
				"CODE_SIGN_IDENTITY[sdk=iphoneos*]" = "iPhone Developer";
				COPY_PHASE_STRIP = NO;
				GCC_C_LANGUAGE_STANDARD = gnu99;
				GCC_DYNAMIC_NO_PIC = NO;
				GCC_OPTIMIZATION_LEVEL = 0;
				GCC_PREPROCESSOR_DEFINITIONS = (
					"DEBUG=1",
					"$(inherited)",
				);
				GCC_SYMBOLS_PRIVATE_EXTERN = NO;
				GCC_WARN_64_TO_32_BIT_CONVERSION = YES;
				GCC_WARN_ABOUT_RETURN_TYPE = YES_ERROR;
				GCC_WARN_UNDECLARED_SELECTOR = YES;
				GCC_WARN_UNINITIALIZED_AUTOS = YES_AGGRESSIVE;
				GCC_WARN_UNUSED_FUNCTION = YES;
				GCC_WARN_UNUSED_VARIABLE = YES;
				IPHONEOS_DEPLOYMENT_TARGET = 7.1;
				ONLY_ACTIVE_ARCH = YES;
				SDKROOT = iphoneos;
			};
			name = Debug;
		};
		8C9941D119376DC500D922A0 /* Release */ = {
			isa = XCBuildConfiguration;
			buildSettings = {
				ALWAYS_SEARCH_USER_PATHS = NO;
				CLANG_CXX_LANGUAGE_STANDARD = "gnu++0x";
				CLANG_CXX_LIBRARY = "libc++";
				CLANG_ENABLE_MODULES = YES;
				CLANG_ENABLE_OBJC_ARC = YES;
				CLANG_WARN_BOOL_CONVERSION = YES;
				CLANG_WARN_CONSTANT_CONVERSION = YES;
				CLANG_WARN_DIRECT_OBJC_ISA_USAGE = YES_ERROR;
				CLANG_WARN_EMPTY_BODY = YES;
				CLANG_WARN_ENUM_CONVERSION = YES;
				CLANG_WARN_INT_CONVERSION = YES;
				CLANG_WARN_OBJC_ROOT_CLASS = YES_ERROR;
				CLANG_WARN__DUPLICATE_METHOD_MATCH = YES;
				"CODE_SIGN_IDENTITY[sdk=iphoneos*]" = "iPhone Developer";
				COPY_PHASE_STRIP = YES;
				ENABLE_NS_ASSERTIONS = NO;
				GCC_C_LANGUAGE_STANDARD = gnu99;
				GCC_WARN_64_TO_32_BIT_CONVERSION = YES;
				GCC_WARN_ABOUT_RETURN_TYPE = YES_ERROR;
				GCC_WARN_UNDECLARED_SELECTOR = YES;
				GCC_WARN_UNINITIALIZED_AUTOS = YES_AGGRESSIVE;
				GCC_WARN_UNUSED_FUNCTION = YES;
				GCC_WARN_UNUSED_VARIABLE = YES;
				IPHONEOS_DEPLOYMENT_TARGET = 7.1;
				SDKROOT = iphoneos;
				VALIDATE_PRODUCT = YES;
			};
			name = Release;
		};
		8C9941D319376DC500D922A0 /* Debug */ = {
			isa = XCBuildConfiguration;
			buildSettings = {
				ASSETCATALOG_COMPILER_APPICON_NAME = AppIcon;
				ASSETCATALOG_COMPILER_LAUNCHIMAGE_NAME = LaunchImage;
				GCC_PRECOMPILE_PREFIX_HEADER = YES;
				GCC_PREFIX_HEADER = "Dropit/Dropit-Prefix.pch";
				INFOPLIST_FILE = "Dropit/Dropit-Info.plist";
				PRODUCT_NAME = "$(TARGET_NAME)";
				WRAPPER_EXTENSION = app;
			};
			name = Debug;
		};
		8C9941D419376DC500D922A0 /* Release */ = {
			isa = XCBuildConfiguration;
			buildSettings = {
				ASSETCATALOG_COMPILER_APPICON_NAME = AppIcon;
				ASSETCATALOG_COMPILER_LAUNCHIMAGE_NAME = LaunchImage;
				GCC_PRECOMPILE_PREFIX_HEADER = YES;
				GCC_PREFIX_HEADER = "Dropit/Dropit-Prefix.pch";
				INFOPLIST_FILE = "Dropit/Dropit-Info.plist";
				PRODUCT_NAME = "$(TARGET_NAME)";
				WRAPPER_EXTENSION = app;
			};
			name = Release;
		};
		8C9941D619376DC500D922A0 /* Debug */ = {
			isa = XCBuildConfiguration;
			buildSettings = {
				BUNDLE_LOADER = "$(BUILT_PRODUCTS_DIR)/Dropit.app/Dropit";
				FRAMEWORK_SEARCH_PATHS = (
					"$(SDKROOT)/Developer/Library/Frameworks",
					"$(inherited)",
					"$(DEVELOPER_FRAMEWORKS_DIR)",
				);
				GCC_PRECOMPILE_PREFIX_HEADER = YES;
				GCC_PREFIX_HEADER = "Dropit/Dropit-Prefix.pch";
				GCC_PREPROCESSOR_DEFINITIONS = (
					"DEBUG=1",
					"$(inherited)",
				);
				INFOPLIST_FILE = "DropitTests/DropitTests-Info.plist";
				PRODUCT_NAME = "$(TARGET_NAME)";
				TEST_HOST = "$(BUNDLE_LOADER)";
				WRAPPER_EXTENSION = xctest;
			};
			name = Debug;
		};
		8C9941D719376DC500D922A0 /* Release */ = {
			isa = XCBuildConfiguration;
			buildSettings = {
				BUNDLE_LOADER = "$(BUILT_PRODUCTS_DIR)/Dropit.app/Dropit";
				FRAMEWORK_SEARCH_PATHS = (
					"$(SDKROOT)/Developer/Library/Frameworks",
					"$(inherited)",
					"$(DEVELOPER_FRAMEWORKS_DIR)",
				);
				GCC_PRECOMPILE_PREFIX_HEADER = YES;
				GCC_PREFIX_HEADER = "Dropit/Dropit-Prefix.pch";
				INFOPLIST_FILE = "DropitTests/DropitTests-Info.plist";
				PRODUCT_NAME = "$(TARGET_NAME)";
				TEST_HOST = "$(BUNDLE_LOADER)";
				WRAPPER_EXTENSION = xctest;
			};
			name = Release;
		};
/* End XCBuildConfiguration section */

/* Begin XCConfigurationList section */
		8C99419B19376DC500D922A0 /* Build configuration list for PBXProject "Dropit" */ = {
			isa = XCConfigurationList;
			buildConfigurations = (
				8C9941D019376DC500D922A0 /* Debug */,
				8C9941D119376DC500D922A0 /* Release */,
			);
			defaultConfigurationIsVisible = 0;
			defaultConfigurationName = Release;
		};
		8C9941D219376DC500D922A0 /* Build configuration list for PBXNativeTarget "Dropit" */ = {
			isa = XCConfigurationList;
			buildConfigurations = (
				8C9941D319376DC500D922A0 /* Debug */,
				8C9941D419376DC500D922A0 /* Release */,
			);
			defaultConfigurationIsVisible = 0;
		};
		8C9941D519376DC500D922A0 /* Build configuration list for PBXNativeTarget "DropitTests" */ = {
			isa = XCConfigurationList;
			buildConfigurations = (
				8C9941D619376DC500D922A0 /* Debug */,
				8C9941D719376DC500D922A0 /* Release */,
			);
			defaultConfigurationIsVisible = 0;
		};
/* End XCConfigurationList section */
	};
	rootObject = 8C99419819376DC500D922A0 /* Project object */;
}
